<?xml version="1.0" encoding="UTF-8"?>
<Scheme
   version = "1.3">
   <BuildAction>
      <BuildActionEntries>
         <BuildActionEntry
            buildForRunning = "YES">
            <BuildableReference
               BuildableIdentifier = "primary"
               BlueprintIdentifier = "02D1B07D2C77237F0012FBBF"
               BuildableName = "Training_We_Split.app"
               BlueprintName = "Training_We_Split"
               ReferencedContainer = "container:Training_We_Split.xcodeproj">
            </BuildableReference>
         </BuildActionEntry>
      </BuildActionEntries>
   </BuildAction>
   <LaunchAction
      useCustomWorkingDirectory = "NO"
      buildConfiguration = "Debug"
      allowLocationSimulation = "YES">
      <BuildableProductRunnable>
         <BuildableReference
            BuildableIdentifier = "primary"
            BlueprintIdentifier = "02D1B07D2C77237F0012FBBF"
            BuildableName = "Training_We_Split.app"
            BlueprintName = "Training_We_Split"
            ReferencedContainer = "container:Training_We_Split.xcodeproj">
         </BuildableReference>
      </BuildableProductRunnable>
   </LaunchAction>
</Scheme>
